
Microsoft Visual Studio Solution File, Format Version 12.00
# Visual Studio Version 16
VisualStudioVersion = 16.0.31729.503
MinimumVisualStudioVersion = 10.0.40219.1
Project("{9A19103F-16F7-4668-BE54-9A1E7A4F7556}") = "BlackJack.WebApi", "BlackJack.WebApi.csproj", "{DA655D48-06D5-4E41-8562-4D202BDBA761}"
EndProject
Project("{2150E333-8FDC-42A3-9474-1A3956D46DE8}") = "src", "src", "{0DEF7704-4BBB-46FC-94AE-1B270E0A8394}"
EndProject
Project("{2150E333-8FDC-42A3-9474-1A3956D46DE8}") = "test", "test", "{493B00BD-9B4A-48FD-8AFF-E6C38DDEB098}"
EndProject
Project("{FAE04EC0-301F-11D3-BF4B-00C04F79EFBC}") = "BlackJack.WebApi.Repository.Tests", "..\BlackJack.WebApi.Repository.Tests\BlackJack.WebApi.Repository.Tests.csproj", "{89714945-4D44-4299-BB71-ED29E2C84E83}"
EndProject
Global
	GlobalSection(SolutionConfigurationPlatforms) = preSolution
		Debug|Any CPU = Debug|Any CPU
		Release|Any CPU = Release|Any CPU
	EndGlobalSection
	GlobalSection(ProjectConfigurationPlatforms) = postSolution
		{DA655D48-06D5-4E41-8562-4D202BDBA761}.Debug|Any CPU.ActiveCfg = Debug|Any CPU
		{DA655D48-06D5-4E41-8562-4D202BDBA761}.Debug|Any CPU.Build.0 = Debug|Any CPU
		{DA655D48-06D5-4E41-8562-4D202BDBA761}.Release|Any CPU.ActiveCfg = Release|Any CPU
		{DA655D48-06D5-4E41-8562-4D202BDBA761}.Release|Any CPU.Build.0 = Release|Any CPU
		{89714945-4D44-4299-BB71-ED29E2C84E83}.Debug|Any CPU.ActiveCfg = Debug|Any CPU
		{89714945-4D44-4299-BB71-ED29E2C84E83}.Debug|Any CPU.Build.0 = Debug|Any CPU
		{89714945-4D44-4299-BB71-ED29E2C84E83}.Release|Any CPU.ActiveCfg = Release|Any CPU
		{89714945-4D44-4299-BB71-ED29E2C84E83}.Release|Any CPU.Build.0 = Release|Any CPU
	EndGlobalSection
	GlobalSection(SolutionProperties) = preSolution
		HideSolutionNode = FALSE
	EndGlobalSection
	GlobalSection(NestedProjects) = preSolution
		{DA655D48-06D5-4E41-8562-4D202BDBA761} = {0DEF7704-4BBB-46FC-94AE-1B270E0A8394}
		{89714945-4D44-4299-BB71-ED29E2C84E83} = {493B00BD-9B4A-48FD-8AFF-E6C38DDEB098}
	EndGlobalSection
	GlobalSection(ExtensibilityGlobals) = postSolution
		SolutionGuid = {4740A70F-5541-4653-81B9-3BD1631FE739}
	EndGlobalSection
EndGlobal
